
Microsoft Visual Studio Solution File, Format Version 12.00
# Visual Studio Version 16
VisualStudioVersion = 16.0.31515.178
MinimumVisualStudioVersion = 10.0.40219.1
Project("{FAE04EC0-301F-11D3-BF4B-00C04F79EFBC}") = "Post2Get", "Post2Get\Post2Get.csproj", "{9F25E7B2-0728-4DD3-B264-86E49565562D}"
EndProject
Project("{FAE04EC0-301F-11D3-BF4B-00C04F79EFBC}") = "Post2Get.Tests", "Post2Get.Tests\Post2Get.Tests.csproj", "{E69F2F7D-6865-4712-97D3-523677D1D464}"
EndProject
Global
	GlobalSection(SolutionConfigurationPlatforms) = preSolution
		Debug|Any CPU = Debug|Any CPU
		Release|Any CPU = Release|Any CPU
	EndGlobalSection
	GlobalSection(ProjectConfigurationPlatforms) = postSolution
		{9F25E7B2-0728-4DD3-B264-86E49565562D}.Debug|Any CPU.ActiveCfg = Debug|Any CPU
		{9F25E7B2-0728-4DD3-B264-86E49565562D}.Debug|Any CPU.Build.0 = Debug|Any CPU
		{9F25E7B2-0728-4DD3-B264-86E49565562D}.Release|Any CPU.ActiveCfg = Release|Any CPU
		{9F25E7B2-0728-4DD3-B264-86E49565562D}.Release|Any CPU.Build.0 = Release|Any CPU
		{E69F2F7D-6865-4712-97D3-523677D1D464}.Debug|Any CPU.ActiveCfg = Debug|Any CPU
		{E69F2F7D-6865-4712-97D3-523677D1D464}.Debug|Any CPU.Build.0 = Debug|Any CPU
		{E69F2F7D-6865-4712-97D3-523677D1D464}.Release|Any CPU.ActiveCfg = Release|Any CPU
		{E69F2F7D-6865-4712-97D3-523677D1D464}.Release|Any CPU.Build.0 = Release|Any CPU
	EndGlobalSection
	GlobalSection(SolutionProperties) = preSolution
		HideSolutionNode = FALSE
	EndGlobalSection
	GlobalSection(ExtensibilityGlobals) = postSolution
		SolutionGuid = {90A4BF1A-EAD5-43B2-B90D-055D94BCCD2A}
	EndGlobalSection
EndGlobal
